
Microsoft Visual Studio Solution File, Format Version 12.00
# Visual Studio Version 17
VisualStudioVersion = 17.10.35027.167
MinimumVisualStudioVersion = 10.0.40219.1
Project("{FAE04EC0-301F-11D3-BF4B-00C04F79EFBC}") = "Bingo", "Bingo\Bingo.csproj", "{A9BDC143-BF44-4884-A311-5366350F5FA8}"
EndProject
Project("{FAE04EC0-301F-11D3-BF4B-00C04F79EFBC}") = "Models", "Models\Models.csproj", "{29ECFD27-18D4-42F8-92CF-146DC3C5E02B}"
EndProject
Global
	GlobalSection(SolutionConfigurationPlatforms) = preSolution
		Debug|Any CPU = Debug|Any CPU
		Release|Any CPU = Release|Any CPU
	EndGlobalSection
	GlobalSection(ProjectConfigurationPlatforms) = postSolution
		{A9BDC143-BF44-4884-A311-5366350F5FA8}.Debug|Any CPU.ActiveCfg = Debug|Any CPU
		{A9BDC143-BF44-4884-A311-5366350F5FA8}.Debug|Any CPU.Build.0 = Debug|Any CPU
		{A9BDC143-BF44-4884-A311-5366350F5FA8}.Release|Any CPU.ActiveCfg = Release|Any CPU
		{A9BDC143-BF44-4884-A311-5366350F5FA8}.Release|Any CPU.Build.0 = Release|Any CPU
		{29ECFD27-18D4-42F8-92CF-146DC3C5E02B}.Debug|Any CPU.ActiveCfg = Debug|Any CPU
		{29ECFD27-18D4-42F8-92CF-146DC3C5E02B}.Debug|Any CPU.Build.0 = Debug|Any CPU
		{29ECFD27-18D4-42F8-92CF-146DC3C5E02B}.Release|Any CPU.ActiveCfg = Release|Any CPU
		{29ECFD27-18D4-42F8-92CF-146DC3C5E02B}.Release|Any CPU.Build.0 = Release|Any CPU
	EndGlobalSection
	GlobalSection(SolutionProperties) = preSolution
		HideSolutionNode = FALSE
	EndGlobalSection
	GlobalSection(ExtensibilityGlobals) = postSolution
		SolutionGuid = {4047CBC3-9CA5-4119-AF83-9CD284A25F14}
	EndGlobalSection
EndGlobal
